
Microsoft Visual Studio Solution File, Format Version 12.00
# Visual Studio Version 17
VisualStudioVersion = 17.14.36203.30
MinimumVisualStudioVersion = 10.0.40219.1
Project("{FAE04EC0-301F-11D3-BF4B-00C04F79EFBC}") = "Akaryakıt_Istasyon", "Akaryakıt_Istasyon\Akaryakıt_Istasyon\Akaryakıt_Istasyon.csproj", "{9F8826B5-2D14-4D67-8CD4-10D6EB9DB3EE}"
EndProject
Project("{FAE04EC0-301F-11D3-BF4B-00C04F79EFBC}") = "Banka_Test", "Banka_Test\Banka_Test\Banka_Test.csproj", "{A777BCA9-5381-4E9E-8146-CCA3A9AC9419}"
EndProject
Project("{FAE04EC0-301F-11D3-BF4B-00C04F79EFBC}") = "Doviz_Ofisi", "Doviz_Ofisi\Doviz_Ofisi\Doviz_Ofisi.csproj", "{0AB33BB1-C08F-495F-90D6-669AB36085A4}"
EndProject
Project("{FAE04EC0-301F-11D3-BF4B-00C04F79EFBC}") = "Excel_CRUD", "Excel_CRUD\Excel_CRUD\Excel_CRUD.csproj", "{59086D4B-CA32-461E-9D12-956A315F4B82}"
EndProject
Project("{FAE04EC0-301F-11D3-BF4B-00C04F79EFBC}") = "Film_Arsivim", "Film_Arsivim\Film_Arsivim\Film_Arsivim.csproj", "{F566CEA0-E756-431E-B6B4-BEB8490FC25D}"
EndProject
Project("{FAE04EC0-301F-11D3-BF4B-00C04F79EFBC}") = "Kelime_Ogren", "Kelime_Ogren\Kelime_Ogren\Kelime_Ogren.csproj", "{01661BE1-19BF-4CB8-9969-D6CEEB0F03DF}"
EndProject
Project("{FAE04EC0-301F-11D3-BF4B-00C04F79EFBC}") = "Kitaplik_OOP", "Kitaplik_OOP\Kitaplik_OOP\Kitaplik_OOP.csproj", "{FE27572F-840F-41F9-B836-E67C512F3FAF}"
EndProject
Project("{FAE04EC0-301F-11D3-BF4B-00C04F79EFBC}") = "List_Ornekler", "List_Ornekler\List_Ornekler\List_Ornekler.csproj", "{3A27A899-8ECA-49BE-AF1E-0AE324A5AFE4}"
EndProject
Project("{FAE04EC0-301F-11D3-BF4B-00C04F79EFBC}") = "Mesaj_Otomasyon", "Mesaj_Otomasyon\Mesaj_Otomasyon\Mesaj_Otomasyon.csproj", "{684E8460-3DE2-409E-9F5E-B1EE53B021E3}"
EndProject
Project("{FAE04EC0-301F-11D3-BF4B-00C04F79EFBC}") = "Nesne_Hareketleri", "Nesne_Hareketleri\Nesne_Hareketleri\Nesne_Hareketleri.csproj", "{252D6CEE-DF74-408B-87BA-9C666A938DB6}"
EndProject
Project("{FAE04EC0-301F-11D3-BF4B-00C04F79EFBC}") = "BonusProje1", "Not_Kayit_Sistemi\BonusProje1\BonusProje1.csproj", "{AF527C70-3234-44C6-B27B-FD8A3162C5E5}"
EndProject
Project("{FAE04EC0-301F-11D3-BF4B-00C04F79EFBC}") = "Ogrenci_Etut_Plan", "Ogrenci_Etut_Plan\Ogrenci_Etut_Plan\Ogrenci_Etut_Plan.csproj", "{A01FDBEF-5D07-46B6-8C20-3457B1B0EC4B}"
EndProject
Project("{FAE04EC0-301F-11D3-BF4B-00C04F79EFBC}") = "Passaparola Oyunu", "Passaparola Oyunu\Passaparola Oyunu\Passaparola Oyunu.csproj", "{EB1183A1-B835-4939-9317-BEA509647209}"
EndProject
Project("{FAE04EC0-301F-11D3-BF4B-00C04F79EFBC}") = "Pastane_Maliyet_Sistemi", "Pastane_Maliyet_Sistemi\Pastane_Maliyet_Sistemi\Pastane_Maliyet_Sistemi.csproj", "{1D379D71-DAA3-4404-BC16-450CA3694852}"
EndProject
Project("{FAE04EC0-301F-11D3-BF4B-00C04F79EFBC}") = "Rehber", "Rehber\Rehber\Rehber.csproj", "{001799A8-3E8E-4E73-8978-A2C6B570EBC9}"
EndProject
Project("{FAE04EC0-301F-11D3-BF4B-00C04F79EFBC}") = "Resim_Yazi", "Resim_Yazi\Resim_Yazi\Resim_Yazi.csproj", "{BBF0FCAF-7F27-499C-A2BE-6C5DE07C4BB9}"
EndProject
Project("{FAE04EC0-301F-11D3-BF4B-00C04F79EFBC}") = "RSS_Haber_Oku", "RSS_Haber_Oku\RSS_Haber_Oku\RSS_Haber_Oku.csproj", "{F7E01E8F-A95E-441C-9D93-1A584F7A45D5}"
EndProject
Project("{FAE04EC0-301F-11D3-BF4B-00C04F79EFBC}") = "Secim_Istatistik", "Secim_Istatistik\Secim_Istatistik\Secim_Istatistik.csproj", "{06203560-9C75-44E8-9F7A-7F1995C0C4E8}"
EndProject
Project("{FAE04EC0-301F-11D3-BF4B-00C04F79EFBC}") = "Seyahat_Otomasyon", "Seyahat_Otomasyon\Seyahat_Otomasyon\Seyahat_Otomasyon.csproj", "{758FD019-55F3-4C79-B130-992B752E5153}"
EndProject
Project("{FAE04EC0-301F-11D3-BF4B-00C04F79EFBC}") = "Sifreli_Veriler", "Sifreli_Veriler\Sifreli_Veriler\Sifreli_Veriler.csproj", "{55444365-DAFE-435C-84CE-BE9CAF9D2359}"
EndProject
Project("{FAE04EC0-301F-11D3-BF4B-00C04F79EFBC}") = "Sql_Sorgu_Test", "Sql_Sorgu_Test\Sql_Sorgu_Test\Sql_Sorgu_Test.csproj", "{1EB4A00E-8EF5-4867-92F8-1F3D078580B2}"
EndProject
Project("{FAE04EC0-301F-11D3-BF4B-00C04F79EFBC}") = "Tablo_Birlestirme", "Tablo_Birlestirme\Tablo_Birlestirme\Tablo_Birlestirme.csproj", "{6F85DE91-7DDB-4B8B-8737-ED57C26CB008}"
EndProject
Project("{FAE04EC0-301F-11D3-BF4B-00C04F79EFBC}") = "Triggers", "Triggers\Triggers\Triggers.csproj", "{74722EAC-7FDA-4AD6-BACD-A9E7CC6D03DF}"
EndProject
Global
	GlobalSection(SolutionConfigurationPlatforms) = preSolution
		Debug|Any CPU = Debug|Any CPU
		Release|Any CPU = Release|Any CPU
	EndGlobalSection
	GlobalSection(ProjectConfigurationPlatforms) = postSolution
		{9F8826B5-2D14-4D67-8CD4-10D6EB9DB3EE}.Debug|Any CPU.ActiveCfg = Debug|Any CPU
		{9F8826B5-2D14-4D67-8CD4-10D6EB9DB3EE}.Debug|Any CPU.Build.0 = Debug|Any CPU
		{9F8826B5-2D14-4D67-8CD4-10D6EB9DB3EE}.Release|Any CPU.ActiveCfg = Release|Any CPU
		{9F8826B5-2D14-4D67-8CD4-10D6EB9DB3EE}.Release|Any CPU.Build.0 = Release|Any CPU
		{A777BCA9-5381-4E9E-8146-CCA3A9AC9419}.Debug|Any CPU.ActiveCfg = Debug|Any CPU
		{A777BCA9-5381-4E9E-8146-CCA3A9AC9419}.Debug|Any CPU.Build.0 = Debug|Any CPU
		{A777BCA9-5381-4E9E-8146-CCA3A9AC9419}.Release|Any CPU.ActiveCfg = Release|Any CPU
		{A777BCA9-5381-4E9E-8146-CCA3A9AC9419}.Release|Any CPU.Build.0 = Release|Any CPU
		{0AB33BB1-C08F-495F-90D6-669AB36085A4}.Debug|Any CPU.ActiveCfg = Debug|Any CPU
		{0AB33BB1-C08F-495F-90D6-669AB36085A4}.Debug|Any CPU.Build.0 = Debug|Any CPU
		{0AB33BB1-C08F-495F-90D6-669AB36085A4}.Release|Any CPU.ActiveCfg = Release|Any CPU
		{0AB33BB1-C08F-495F-90D6-669AB36085A4}.Release|Any CPU.Build.0 = Release|Any CPU
		{59086D4B-CA32-461E-9D12-956A315F4B82}.Debug|Any CPU.ActiveCfg = Debug|Any CPU
		{59086D4B-CA32-461E-9D12-956A315F4B82}.Debug|Any CPU.Build.0 = Debug|Any CPU
		{59086D4B-CA32-461E-9D12-956A315F4B82}.Release|Any CPU.ActiveCfg = Release|Any CPU
		{59086D4B-CA32-461E-9D12-956A315F4B82}.Release|Any CPU.Build.0 = Release|Any CPU
		{F566CEA0-E756-431E-B6B4-BEB8490FC25D}.Debug|Any CPU.ActiveCfg = Debug|Any CPU
		{F566CEA0-E756-431E-B6B4-BEB8490FC25D}.Debug|Any CPU.Build.0 = Debug|Any CPU
		{F566CEA0-E756-431E-B6B4-BEB8490FC25D}.Release|Any CPU.ActiveCfg = Release|Any CPU
		{F566CEA0-E756-431E-B6B4-BEB8490FC25D}.Release|Any CPU.Build.0 = Release|Any CPU
		{01661BE1-19BF-4CB8-9969-D6CEEB0F03DF}.Debug|Any CPU.ActiveCfg = Debug|Any CPU
		{01661BE1-19BF-4CB8-9969-D6CEEB0F03DF}.Debug|Any CPU.Build.0 = Debug|Any CPU
		{01661BE1-19BF-4CB8-9969-D6CEEB0F03DF}.Release|Any CPU.ActiveCfg = Release|Any CPU
		{01661BE1-19BF-4CB8-9969-D6CEEB0F03DF}.Release|Any CPU.Build.0 = Release|Any CPU
		{FE27572F-840F-41F9-B836-E67C512F3FAF}.Debug|Any CPU.ActiveCfg = Debug|Any CPU
		{FE27572F-840F-41F9-B836-E67C512F3FAF}.Debug|Any CPU.Build.0 = Debug|Any CPU
		{FE27572F-840F-41F9-B836-E67C512F3FAF}.Release|Any CPU.ActiveCfg = Release|Any CPU
		{FE27572F-840F-41F9-B836-E67C512F3FAF}.Release|Any CPU.Build.0 = Release|Any CPU
		{3A27A899-8ECA-49BE-AF1E-0AE324A5AFE4}.Debug|Any CPU.ActiveCfg = Debug|Any CPU
		{3A27A899-8ECA-49BE-AF1E-0AE324A5AFE4}.Debug|Any CPU.Build.0 = Debug|Any CPU
		{3A27A899-8ECA-49BE-AF1E-0AE324A5AFE4}.Release|Any CPU.ActiveCfg = Release|Any CPU
		{3A27A899-8ECA-49BE-AF1E-0AE324A5AFE4}.Release|Any CPU.Build.0 = Release|Any CPU
		{684E8460-3DE2-409E-9F5E-B1EE53B021E3}.Debug|Any CPU.ActiveCfg = Debug|Any CPU
		{684E8460-3DE2-409E-9F5E-B1EE53B021E3}.Debug|Any CPU.Build.0 = Debug|Any CPU
		{684E8460-3DE2-409E-9F5E-B1EE53B021E3}.Release|Any CPU.ActiveCfg = Release|Any CPU
		{684E8460-3DE2-409E-9F5E-B1EE53B021E3}.Release|Any CPU.Build.0 = Release|Any CPU
		{252D6CEE-DF74-408B-87BA-9C666A938DB6}.Debug|Any CPU.ActiveCfg = Debug|Any CPU
		{252D6CEE-DF74-408B-87BA-9C666A938DB6}.Debug|Any CPU.Build.0 = Debug|Any CPU
		{252D6CEE-DF74-408B-87BA-9C666A938DB6}.Release|Any CPU.ActiveCfg = Release|Any CPU
		{252D6CEE-DF74-408B-87BA-9C666A938DB6}.Release|Any CPU.Build.0 = Release|Any CPU
		{AF527C70-3234-44C6-B27B-FD8A3162C5E5}.Debug|Any CPU.ActiveCfg = Debug|Any CPU
		{AF527C70-3234-44C6-B27B-FD8A3162C5E5}.Debug|Any CPU.Build.0 = Debug|Any CPU
		{AF527C70-3234-44C6-B27B-FD8A3162C5E5}.Release|Any CPU.ActiveCfg = Release|Any CPU
		{AF527C70-3234-44C6-B27B-FD8A3162C5E5}.Release|Any CPU.Build.0 = Release|Any CPU
		{A01FDBEF-5D07-46B6-8C20-3457B1B0EC4B}.Debug|Any CPU.ActiveCfg = Debug|Any CPU
		{A01FDBEF-5D07-46B6-8C20-3457B1B0EC4B}.Debug|Any CPU.Build.0 = Debug|Any CPU
		{A01FDBEF-5D07-46B6-8C20-3457B1B0EC4B}.Release|Any CPU.ActiveCfg = Release|Any CPU
		{A01FDBEF-5D07-46B6-8C20-3457B1B0EC4B}.Release|Any CPU.Build.0 = Release|Any CPU
		{EB1183A1-B835-4939-9317-BEA509647209}.Debug|Any CPU.ActiveCfg = Debug|Any CPU
		{EB1183A1-B835-4939-9317-BEA509647209}.Debug|Any CPU.Build.0 = Debug|Any CPU
		{EB1183A1-B835-4939-9317-BEA509647209}.Release|Any CPU.ActiveCfg = Release|Any CPU
		{EB1183A1-B835-4939-9317-BEA509647209}.Release|Any CPU.Build.0 = Release|Any CPU
		{1D379D71-DAA3-4404-BC16-450CA3694852}.Debug|Any CPU.ActiveCfg = Debug|Any CPU
		{1D379D71-DAA3-4404-BC16-450CA3694852}.Debug|Any CPU.Build.0 = Debug|Any CPU
		{1D379D71-DAA3-4404-BC16-450CA3694852}.Release|Any CPU.ActiveCfg = Release|Any CPU
		{1D379D71-DAA3-4404-BC16-450CA3694852}.Release|Any CPU.Build.0 = Release|Any CPU
		{001799A8-3E8E-4E73-8978-A2C6B570EBC9}.Debug|Any CPU.ActiveCfg = Debug|Any CPU
		{001799A8-3E8E-4E73-8978-A2C6B570EBC9}.Debug|Any CPU.Build.0 = Debug|Any CPU
		{001799A8-3E8E-4E73-8978-A2C6B570EBC9}.Release|Any CPU.ActiveCfg = Release|Any CPU
		{001799A8-3E8E-4E73-8978-A2C6B570EBC9}.Release|Any CPU.Build.0 = Release|Any CPU
		{BBF0FCAF-7F27-499C-A2BE-6C5DE07C4BB9}.Debug|Any CPU.ActiveCfg = Debug|Any CPU
		{BBF0FCAF-7F27-499C-A2BE-6C5DE07C4BB9}.Debug|Any CPU.Build.0 = Debug|Any CPU
		{BBF0FCAF-7F27-499C-A2BE-6C5DE07C4BB9}.Release|Any CPU.ActiveCfg = Release|Any CPU
		{BBF0FCAF-7F27-499C-A2BE-6C5DE07C4BB9}.Release|Any CPU.Build.0 = Release|Any CPU
		{F7E01E8F-A95E-441C-9D93-1A584F7A45D5}.Debug|Any CPU.ActiveCfg = Debug|Any CPU
		{F7E01E8F-A95E-441C-9D93-1A584F7A45D5}.Debug|Any CPU.Build.0 = Debug|Any CPU
		{F7E01E8F-A95E-441C-9D93-1A584F7A45D5}.Release|Any CPU.ActiveCfg = Release|Any CPU
		{F7E01E8F-A95E-441C-9D93-1A584F7A45D5}.Release|Any CPU.Build.0 = Release|Any CPU
		{06203560-9C75-44E8-9F7A-7F1995C0C4E8}.Debug|Any CPU.ActiveCfg = Debug|Any CPU
		{06203560-9C75-44E8-9F7A-7F1995C0C4E8}.Debug|Any CPU.Build.0 = Debug|Any CPU
		{06203560-9C75-44E8-9F7A-7F1995C0C4E8}.Release|Any CPU.ActiveCfg = Release|Any CPU
		{06203560-9C75-44E8-9F7A-7F1995C0C4E8}.Release|Any CPU.Build.0 = Release|Any CPU
		{758FD019-55F3-4C79-B130-992B752E5153}.Debug|Any CPU.ActiveCfg = Debug|Any CPU
		{758FD019-55F3-4C79-B130-992B752E5153}.Debug|Any CPU.Build.0 = Debug|Any CPU
		{758FD019-55F3-4C79-B130-992B752E5153}.Release|Any CPU.ActiveCfg = Release|Any CPU
		{758FD019-55F3-4C79-B130-992B752E5153}.Release|Any CPU.Build.0 = Release|Any CPU
		{55444365-DAFE-435C-84CE-BE9CAF9D2359}.Debug|Any CPU.ActiveCfg = Debug|Any CPU
		{55444365-DAFE-435C-84CE-BE9CAF9D2359}.Debug|Any CPU.Build.0 = Debug|Any CPU
		{55444365-DAFE-435C-84CE-BE9CAF9D2359}.Release|Any CPU.ActiveCfg = Release|Any CPU
		{55444365-DAFE-435C-84CE-BE9CAF9D2359}.Release|Any CPU.Build.0 = Release|Any CPU
		{1EB4A00E-8EF5-4867-92F8-1F3D078580B2}.Debug|Any CPU.ActiveCfg = Debug|Any CPU
		{1EB4A00E-8EF5-4867-92F8-1F3D078580B2}.Debug|Any CPU.Build.0 = Debug|Any CPU
		{1EB4A00E-8EF5-4867-92F8-1F3D078580B2}.Release|Any CPU.ActiveCfg = Release|Any CPU
		{1EB4A00E-8EF5-4867-92F8-1F3D078580B2}.Release|Any CPU.Build.0 = Release|Any CPU
		{6F85DE91-7DDB-4B8B-8737-ED57C26CB008}.Debug|Any CPU.ActiveCfg = Debug|Any CPU
		{6F85DE91-7DDB-4B8B-8737-ED57C26CB008}.Debug|Any CPU.Build.0 = Debug|Any CPU
		{6F85DE91-7DDB-4B8B-8737-ED57C26CB008}.Release|Any CPU.ActiveCfg = Release|Any CPU
		{6F85DE91-7DDB-4B8B-8737-ED57C26CB008}.Release|Any CPU.Build.0 = Release|Any CPU
		{74722EAC-7FDA-4AD6-BACD-A9E7CC6D03DF}.Debug|Any CPU.ActiveCfg = Debug|Any CPU
		{74722EAC-7FDA-4AD6-BACD-A9E7CC6D03DF}.Debug|Any CPU.Build.0 = Debug|Any CPU
		{74722EAC-7FDA-4AD6-BACD-A9E7CC6D03DF}.Release|Any CPU.ActiveCfg = Release|Any CPU
		{74722EAC-7FDA-4AD6-BACD-A9E7CC6D03DF}.Release|Any CPU.Build.0 = Release|Any CPU
	EndGlobalSection
	GlobalSection(SolutionProperties) = preSolution
		HideSolutionNode = FALSE
	EndGlobalSection
	GlobalSection(ExtensibilityGlobals) = postSolution
		SolutionGuid = {559B637C-C7AF-44DA-B385-2678F1D97867}
	EndGlobalSection
EndGlobal
