
Microsoft Visual Studio Solution File, Format Version 12.00
# Visual Studio Version 17
VisualStudioVersion = 17.14.36203.30
MinimumVisualStudioVersion = 10.0.40219.1
Project("{FAE04EC0-301F-11D3-BF4B-00C04F79EFBC}") = "Akaryakıt_Istasyon", "Akaryakıt_Istasyon\Akaryakıt_Istasyon\Akaryakıt_Istasyon.csproj", "{9F8826B5-2D14-4D67-8CD4-10D6EB9DB3EE}"
EndProject
Project("{FAE04EC0-301F-11D3-BF4B-00C04F79EFBC}") = "Banka_Test", "Banka_Test\Banka_Test\Banka_Test.csproj", "{A777BCA9-5381-4E9E-8146-CCA3A9AC9419}"
EndProject
Project("{FAE04EC0-301F-11D3-BF4B-00C04F79EFBC}") = "Doviz_Ofisi", "Doviz_Ofisi\Doviz_Ofisi\Doviz_Ofisi.csproj", "{0AB33BB1-C08F-495F-90D6-669AB36085A4}"
EndProject
Project("{FAE04EC0-301F-11D3-BF4B-00C04F79EFBC}") = "Excel_CRUD", "Excel_CRUD\Excel_CRUD\Excel_CRUD.csproj", "{59086D4B-CA32-461E-9D12-956A315F4B82}"
EndProject
Global
	GlobalSection(SolutionConfigurationPlatforms) = preSolution
		Debug|Any CPU = Debug|Any CPU
		Release|Any CPU = Release|Any CPU
	EndGlobalSection
	GlobalSection(ProjectConfigurationPlatforms) = postSolution
		{9F8826B5-2D14-4D67-8CD4-10D6EB9DB3EE}.Debug|Any CPU.ActiveCfg = Debug|Any CPU
		{9F8826B5-2D14-4D67-8CD4-10D6EB9DB3EE}.Debug|Any CPU.Build.0 = Debug|Any CPU
		{9F8826B5-2D14-4D67-8CD4-10D6EB9DB3EE}.Release|Any CPU.ActiveCfg = Release|Any CPU
		{9F8826B5-2D14-4D67-8CD4-10D6EB9DB3EE}.Release|Any CPU.Build.0 = Release|Any CPU
		{A777BCA9-5381-4E9E-8146-CCA3A9AC9419}.Debug|Any CPU.ActiveCfg = Debug|Any CPU
		{A777BCA9-5381-4E9E-8146-CCA3A9AC9419}.Debug|Any CPU.Build.0 = Debug|Any CPU
		{A777BCA9-5381-4E9E-8146-CCA3A9AC9419}.Release|Any CPU.ActiveCfg = Release|Any CPU
		{A777BCA9-5381-4E9E-8146-CCA3A9AC9419}.Release|Any CPU.Build.0 = Release|Any CPU
		{0AB33BB1-C08F-495F-90D6-669AB36085A4}.Debug|Any CPU.ActiveCfg = Debug|Any CPU
		{0AB33BB1-C08F-495F-90D6-669AB36085A4}.Debug|Any CPU.Build.0 = Debug|Any CPU
		{0AB33BB1-C08F-495F-90D6-669AB36085A4}.Release|Any CPU.ActiveCfg = Release|Any CPU
		{0AB33BB1-C08F-495F-90D6-669AB36085A4}.Release|Any CPU.Build.0 = Release|Any CPU
		{59086D4B-CA32-461E-9D12-956A315F4B82}.Debug|Any CPU.ActiveCfg = Debug|Any CPU
		{59086D4B-CA32-461E-9D12-956A315F4B82}.Debug|Any CPU.Build.0 = Debug|Any CPU
		{59086D4B-CA32-461E-9D12-956A315F4B82}.Release|Any CPU.ActiveCfg = Release|Any CPU
		{59086D4B-CA32-461E-9D12-956A315F4B82}.Release|Any CPU.Build.0 = Release|Any CPU
	EndGlobalSection
	GlobalSection(SolutionProperties) = preSolution
		HideSolutionNode = FALSE
	EndGlobalSection
	GlobalSection(ExtensibilityGlobals) = postSolution
		SolutionGuid = {559B637C-C7AF-44DA-B385-2678F1D97867}
	EndGlobalSection
EndGlobal
