
Microsoft Visual Studio Solution File, Format Version 12.00
# Visual Studio Version 17
VisualStudioVersion = 17.13.35931.197 d17.13
MinimumVisualStudioVersion = 10.0.40219.1
Project("{FAE04EC0-301F-11D3-BF4B-00C04F79EFBC}") = "Triggers", "Triggers\Triggers.csproj", "{74722EAC-7FDA-4AD6-BACD-A9E7CC6D03DF}"
EndProject
Global
	GlobalSection(SolutionConfigurationPlatforms) = preSolution
		Debug|Any CPU = Debug|Any CPU
		Release|Any CPU = Release|Any CPU
	EndGlobalSection
	GlobalSection(ProjectConfigurationPlatforms) = postSolution
		{74722EAC-7FDA-4AD6-BACD-A9E7CC6D03DF}.Debug|Any CPU.ActiveCfg = Debug|Any CPU
		{74722EAC-7FDA-4AD6-BACD-A9E7CC6D03DF}.Debug|Any CPU.Build.0 = Debug|Any CPU
		{74722EAC-7FDA-4AD6-BACD-A9E7CC6D03DF}.Release|Any CPU.ActiveCfg = Release|Any CPU
		{74722EAC-7FDA-4AD6-BACD-A9E7CC6D03DF}.Release|Any CPU.Build.0 = Release|Any CPU
	EndGlobalSection
	GlobalSection(SolutionProperties) = preSolution
		HideSolutionNode = FALSE
	EndGlobalSection
	GlobalSection(ExtensibilityGlobals) = postSolution
		SolutionGuid = {7AC1DA96-D885-4234-BF18-B0094A15E244}
	EndGlobalSection
EndGlobal
