
Microsoft Visual Studio Solution File, Format Version 12.00
# Visual Studio Version 17
VisualStudioVersion = 17.13.35931.197 d17.13
MinimumVisualStudioVersion = 10.0.40219.1
Project("{FAE04EC0-301F-11D3-BF4B-00C04F79EFBC}") = "Doviz_Ofisi", "Doviz_Ofisi\Doviz_Ofisi.csproj", "{0AB33BB1-C08F-495F-90D6-669AB36085A4}"
EndProject
Global
	GlobalSection(SolutionConfigurationPlatforms) = preSolution
		Debug|Any CPU = Debug|Any CPU
		Release|Any CPU = Release|Any CPU
	EndGlobalSection
	GlobalSection(ProjectConfigurationPlatforms) = postSolution
		{0AB33BB1-C08F-495F-90D6-669AB36085A4}.Debug|Any CPU.ActiveCfg = Debug|Any CPU
		{0AB33BB1-C08F-495F-90D6-669AB36085A4}.Debug|Any CPU.Build.0 = Debug|Any CPU
		{0AB33BB1-C08F-495F-90D6-669AB36085A4}.Release|Any CPU.ActiveCfg = Release|Any CPU
		{0AB33BB1-C08F-495F-90D6-669AB36085A4}.Release|Any CPU.Build.0 = Release|Any CPU
	EndGlobalSection
	GlobalSection(SolutionProperties) = preSolution
		HideSolutionNode = FALSE
	EndGlobalSection
	GlobalSection(ExtensibilityGlobals) = postSolution
		SolutionGuid = {36FA25F4-7C6C-47A5-AF74-4F78C460FF57}
	EndGlobalSection
EndGlobal
