
Microsoft Visual Studio Solution File, Format Version 12.00
# Visual Studio Version 17
VisualStudioVersion = 17.13.35931.197 d17.13
MinimumVisualStudioVersion = 10.0.40219.1
Project("{FAE04EC0-301F-11D3-BF4B-00C04F79EFBC}") = "Mesaj_Otomasyon", "Mesaj_Otomasyon\Mesaj_Otomasyon.csproj", "{684E8460-3DE2-409E-9F5E-B1EE53B021E3}"
EndProject
Global
	GlobalSection(SolutionConfigurationPlatforms) = preSolution
		Debug|Any CPU = Debug|Any CPU
		Release|Any CPU = Release|Any CPU
	EndGlobalSection
	GlobalSection(ProjectConfigurationPlatforms) = postSolution
		{684E8460-3DE2-409E-9F5E-B1EE53B021E3}.Debug|Any CPU.ActiveCfg = Debug|Any CPU
		{684E8460-3DE2-409E-9F5E-B1EE53B021E3}.Debug|Any CPU.Build.0 = Debug|Any CPU
		{684E8460-3DE2-409E-9F5E-B1EE53B021E3}.Release|Any CPU.ActiveCfg = Release|Any CPU
		{684E8460-3DE2-409E-9F5E-B1EE53B021E3}.Release|Any CPU.Build.0 = Release|Any CPU
	EndGlobalSection
	GlobalSection(SolutionProperties) = preSolution
		HideSolutionNode = FALSE
	EndGlobalSection
	GlobalSection(ExtensibilityGlobals) = postSolution
		SolutionGuid = {B80FB0BE-0697-4F8D-A827-375D4DC35FA3}
	EndGlobalSection
EndGlobal
