
Microsoft Visual Studio Solution File, Format Version 12.00
# Visual Studio Version 17
VisualStudioVersion = 17.13.35931.197 d17.13
MinimumVisualStudioVersion = 10.0.40219.1
Project("{FAE04EC0-301F-11D3-BF4B-00C04F79EFBC}") = "Ogrenci_Etut_Plan", "Ogrenci_Etut_Plan\Ogrenci_Etut_Plan.csproj", "{A01FDBEF-5D07-46B6-8C20-3457B1B0EC4B}"
EndProject
Global
	GlobalSection(SolutionConfigurationPlatforms) = preSolution
		Debug|Any CPU = Debug|Any CPU
		Release|Any CPU = Release|Any CPU
	EndGlobalSection
	GlobalSection(ProjectConfigurationPlatforms) = postSolution
		{A01FDBEF-5D07-46B6-8C20-3457B1B0EC4B}.Debug|Any CPU.ActiveCfg = Debug|Any CPU
		{A01FDBEF-5D07-46B6-8C20-3457B1B0EC4B}.Debug|Any CPU.Build.0 = Debug|Any CPU
		{A01FDBEF-5D07-46B6-8C20-3457B1B0EC4B}.Release|Any CPU.ActiveCfg = Release|Any CPU
		{A01FDBEF-5D07-46B6-8C20-3457B1B0EC4B}.Release|Any CPU.Build.0 = Release|Any CPU
	EndGlobalSection
	GlobalSection(SolutionProperties) = preSolution
		HideSolutionNode = FALSE
	EndGlobalSection
	GlobalSection(ExtensibilityGlobals) = postSolution
		SolutionGuid = {91C08B1C-1D21-4E58-B6A0-F0615DBE327C}
	EndGlobalSection
EndGlobal
