
Microsoft Visual Studio Solution File, Format Version 12.00
# Visual Studio Version 17
VisualStudioVersion = 17.14.36203.30 d17.14
MinimumVisualStudioVersion = 10.0.40219.1
Project("{FAE04EC0-301F-11D3-BF4B-00C04F79EFBC}") = "Kitaplik_OOP", "Kitaplik_OOP\Kitaplik_OOP.csproj", "{FE27572F-840F-41F9-B836-E67C512F3FAF}"
EndProject
Global
	GlobalSection(SolutionConfigurationPlatforms) = preSolution
		Debug|Any CPU = Debug|Any CPU
		Release|Any CPU = Release|Any CPU
	EndGlobalSection
	GlobalSection(ProjectConfigurationPlatforms) = postSolution
		{FE27572F-840F-41F9-B836-E67C512F3FAF}.Debug|Any CPU.ActiveCfg = Debug|Any CPU
		{FE27572F-840F-41F9-B836-E67C512F3FAF}.Debug|Any CPU.Build.0 = Debug|Any CPU
		{FE27572F-840F-41F9-B836-E67C512F3FAF}.Release|Any CPU.ActiveCfg = Release|Any CPU
		{FE27572F-840F-41F9-B836-E67C512F3FAF}.Release|Any CPU.Build.0 = Release|Any CPU
	EndGlobalSection
	GlobalSection(SolutionProperties) = preSolution
		HideSolutionNode = FALSE
	EndGlobalSection
	GlobalSection(ExtensibilityGlobals) = postSolution
		SolutionGuid = {19FE3121-C980-41F6-8CF2-E7E32189B7DA}
	EndGlobalSection
EndGlobal
