
Microsoft Visual Studio Solution File, Format Version 12.00
# Visual Studio Version 17
VisualStudioVersion = 17.14.36203.30 d17.14
MinimumVisualStudioVersion = 10.0.40219.1
Project("{FAE04EC0-301F-11D3-BF4B-00C04F79EFBC}") = "Resim_Yazi", "Resim_Yazi\Resim_Yazi.csproj", "{BBF0FCAF-7F27-499C-A2BE-6C5DE07C4BB9}"
EndProject
Global
	GlobalSection(SolutionConfigurationPlatforms) = preSolution
		Debug|Any CPU = Debug|Any CPU
		Release|Any CPU = Release|Any CPU
	EndGlobalSection
	GlobalSection(ProjectConfigurationPlatforms) = postSolution
		{BBF0FCAF-7F27-499C-A2BE-6C5DE07C4BB9}.Debug|Any CPU.ActiveCfg = Debug|Any CPU
		{BBF0FCAF-7F27-499C-A2BE-6C5DE07C4BB9}.Debug|Any CPU.Build.0 = Debug|Any CPU
		{BBF0FCAF-7F27-499C-A2BE-6C5DE07C4BB9}.Release|Any CPU.ActiveCfg = Release|Any CPU
		{BBF0FCAF-7F27-499C-A2BE-6C5DE07C4BB9}.Release|Any CPU.Build.0 = Release|Any CPU
	EndGlobalSection
	GlobalSection(SolutionProperties) = preSolution
		HideSolutionNode = FALSE
	EndGlobalSection
	GlobalSection(ExtensibilityGlobals) = postSolution
		SolutionGuid = {920C7C10-F51D-4C81-AADE-2B282A7F7C67}
	EndGlobalSection
EndGlobal
